
Microsoft Visual Studio Solution File, Format Version 12.00
# Visual Studio Version 16
VisualStudioVersion = 16.0.29424.173
MinimumVisualStudioVersion = 10.0.40219.1
Project("{9A19103F-16F7-4668-BE54-9A1E7A4F7556}") = "UnitTest", "CommandChainFramework\UnitTest.csproj", "{B837332B-AAC5-4A9E-8D60-B90986083113}"
EndProject
Project("{9A19103F-16F7-4668-BE54-9A1E7A4F7556}") = "BusinessModel", "BusinessModel\BusinessModel.csproj", "{D54976EB-67F2-442D-8023-9532C9FBBBBE}"
EndProject
Project("{9A19103F-16F7-4668-BE54-9A1E7A4F7556}") = "DatabaseModel", "DatabaseModel\DatabaseModel.csproj", "{C9FF05A3-63C7-48C6-B0C1-5D61E0DF490F}"
EndProject
Project("{9A19103F-16F7-4668-BE54-9A1E7A4F7556}") = "CommandModeTesting", "CommandModeTesting\CommandModeTesting.csproj", "{541C90AD-73AB-45CF-8BC5-35AF8C539C85}"
EndProject
Project("{9A19103F-16F7-4668-BE54-9A1E7A4F7556}") = "RestHttpEngine", "RestHttpEngine\RestHttpEngine.csproj", "{30DCB781-A4E8-4508-8CC9-60D8214C065F}"
EndProject
Project("{FAE04EC0-301F-11D3-BF4B-00C04F79EFBC}") = "Nunit", "NunitFramework\Nunit.csproj", "{A20B9878-4528-49B7-86D5-354A28A199A2}"
EndProject
Global
	GlobalSection(SolutionConfigurationPlatforms) = preSolution
		Debug|Any CPU = Debug|Any CPU
		Release|Any CPU = Release|Any CPU
	EndGlobalSection
	GlobalSection(ProjectConfigurationPlatforms) = postSolution
		{B837332B-AAC5-4A9E-8D60-B90986083113}.Debug|Any CPU.ActiveCfg = Debug|Any CPU
		{B837332B-AAC5-4A9E-8D60-B90986083113}.Debug|Any CPU.Build.0 = Debug|Any CPU
		{B837332B-AAC5-4A9E-8D60-B90986083113}.Release|Any CPU.ActiveCfg = Release|Any CPU
		{B837332B-AAC5-4A9E-8D60-B90986083113}.Release|Any CPU.Build.0 = Release|Any CPU
		{D54976EB-67F2-442D-8023-9532C9FBBBBE}.Debug|Any CPU.ActiveCfg = Debug|Any CPU
		{D54976EB-67F2-442D-8023-9532C9FBBBBE}.Debug|Any CPU.Build.0 = Debug|Any CPU
		{D54976EB-67F2-442D-8023-9532C9FBBBBE}.Release|Any CPU.ActiveCfg = Release|Any CPU
		{D54976EB-67F2-442D-8023-9532C9FBBBBE}.Release|Any CPU.Build.0 = Release|Any CPU
		{C9FF05A3-63C7-48C6-B0C1-5D61E0DF490F}.Debug|Any CPU.ActiveCfg = Debug|Any CPU
		{C9FF05A3-63C7-48C6-B0C1-5D61E0DF490F}.Debug|Any CPU.Build.0 = Debug|Any CPU
		{C9FF05A3-63C7-48C6-B0C1-5D61E0DF490F}.Release|Any CPU.ActiveCfg = Release|Any CPU
		{C9FF05A3-63C7-48C6-B0C1-5D61E0DF490F}.Release|Any CPU.Build.0 = Release|Any CPU
		{541C90AD-73AB-45CF-8BC5-35AF8C539C85}.Debug|Any CPU.ActiveCfg = Debug|Any CPU
		{541C90AD-73AB-45CF-8BC5-35AF8C539C85}.Debug|Any CPU.Build.0 = Debug|Any CPU
		{541C90AD-73AB-45CF-8BC5-35AF8C539C85}.Release|Any CPU.ActiveCfg = Release|Any CPU
		{541C90AD-73AB-45CF-8BC5-35AF8C539C85}.Release|Any CPU.Build.0 = Release|Any CPU
		{30DCB781-A4E8-4508-8CC9-60D8214C065F}.Debug|Any CPU.ActiveCfg = Debug|Any CPU
		{30DCB781-A4E8-4508-8CC9-60D8214C065F}.Debug|Any CPU.Build.0 = Debug|Any CPU
		{30DCB781-A4E8-4508-8CC9-60D8214C065F}.Release|Any CPU.ActiveCfg = Release|Any CPU
		{30DCB781-A4E8-4508-8CC9-60D8214C065F}.Release|Any CPU.Build.0 = Release|Any CPU
		{A20B9878-4528-49B7-86D5-354A28A199A2}.Debug|Any CPU.ActiveCfg = Debug|Any CPU
		{A20B9878-4528-49B7-86D5-354A28A199A2}.Debug|Any CPU.Build.0 = Debug|Any CPU
		{A20B9878-4528-49B7-86D5-354A28A199A2}.Release|Any CPU.ActiveCfg = Release|Any CPU
		{A20B9878-4528-49B7-86D5-354A28A199A2}.Release|Any CPU.Build.0 = Release|Any CPU
	EndGlobalSection
	GlobalSection(SolutionProperties) = preSolution
		HideSolutionNode = FALSE
	EndGlobalSection
	GlobalSection(ExtensibilityGlobals) = postSolution
		SolutionGuid = {248A1D68-0BCE-433D-86C1-1F3C32B381E4}
	EndGlobalSection
EndGlobal
